
Microsoft Visual Studio Solution File, Format Version 12.00
# Visual Studio Version 17
VisualStudioVersion = 17.9.34723.18
MinimumVisualStudioVersion = 10.0.40219.1
Project("{FAE04EC0-301F-11D3-BF4B-00C04F79EFBC}") = "Чат-бот для Simpl", "Чат-бот для Simpl\Чат-бот для Simpl.csproj", "{BD1FCECD-C230-4F21-A714-9A89E69948A2}"
EndProject
Global
	GlobalSection(SolutionConfigurationPlatforms) = preSolution
		Debug|Any CPU = Debug|Any CPU
		Release|Any CPU = Release|Any CPU
	EndGlobalSection
	GlobalSection(ProjectConfigurationPlatforms) = postSolution
		{BD1FCECD-C230-4F21-A714-9A89E69948A2}.Debug|Any CPU.ActiveCfg = Debug|Any CPU
		{BD1FCECD-C230-4F21-A714-9A89E69948A2}.Debug|Any CPU.Build.0 = Debug|Any CPU
		{BD1FCECD-C230-4F21-A714-9A89E69948A2}.Release|Any CPU.ActiveCfg = Release|Any CPU
		{BD1FCECD-C230-4F21-A714-9A89E69948A2}.Release|Any CPU.Build.0 = Release|Any CPU
	EndGlobalSection
	GlobalSection(SolutionProperties) = preSolution
		HideSolutionNode = FALSE
	EndGlobalSection
	GlobalSection(ExtensibilityGlobals) = postSolution
		SolutionGuid = {AA2942C9-D437-4D4A-BDB9-EA6636EB3FC0}
	EndGlobalSection
EndGlobal
